
Microsoft Visual Studio Solution File, Format Version 12.00
# Visual Studio Version 16
VisualStudioVersion = 16.0.32002.261
MinimumVisualStudioVersion = 10.0.40219.1
Project("{FAE04EC0-301F-11D3-BF4B-00C04F79EFBC}") = "DynamicKeyword", "DynamicKeyword\DynamicKeyword.csproj", "{07515B7B-1CE1-4944-A26C-891681AD208E}"
EndProject
Global
	GlobalSection(SolutionConfigurationPlatforms) = preSolution
		Debug|Any CPU = Debug|Any CPU
		Release|Any CPU = Release|Any CPU
	EndGlobalSection
	GlobalSection(ProjectConfigurationPlatforms) = postSolution
		{07515B7B-1CE1-4944-A26C-891681AD208E}.Debug|Any CPU.ActiveCfg = Debug|Any CPU
		{07515B7B-1CE1-4944-A26C-891681AD208E}.Debug|Any CPU.Build.0 = Debug|Any CPU
		{07515B7B-1CE1-4944-A26C-891681AD208E}.Release|Any CPU.ActiveCfg = Release|Any CPU
		{07515B7B-1CE1-4944-A26C-891681AD208E}.Release|Any CPU.Build.0 = Release|Any CPU
	EndGlobalSection
	GlobalSection(SolutionProperties) = preSolution
		HideSolutionNode = FALSE
	EndGlobalSection
	GlobalSection(ExtensibilityGlobals) = postSolution
		SolutionGuid = {539E1A9F-A58C-44A2-9535-7198DD242557}
	EndGlobalSection
EndGlobal
